
Microsoft Visual Studio Solution File, Format Version 12.00
# Visual Studio Version 16
VisualStudioVersion = 16.0.30611.23
MinimumVisualStudioVersion = 10.0.40219.1
Project("{FAE04EC0-301F-11D3-BF4B-00C04F79EFBC}") = "time management system for SPA", "time management system for SPA\time management system for SPA.csproj", "{8FA9C4B1-483F-44B8-8AA5-756086DFFBEC}"
EndProject
Global
	GlobalSection(SolutionConfigurationPlatforms) = preSolution
		Debug|Any CPU = Debug|Any CPU
		Release|Any CPU = Release|Any CPU
	EndGlobalSection
	GlobalSection(ProjectConfigurationPlatforms) = postSolution
		{8FA9C4B1-483F-44B8-8AA5-756086DFFBEC}.Debug|Any CPU.ActiveCfg = Debug|Any CPU
		{8FA9C4B1-483F-44B8-8AA5-756086DFFBEC}.Debug|Any CPU.Build.0 = Debug|Any CPU
		{8FA9C4B1-483F-44B8-8AA5-756086DFFBEC}.Release|Any CPU.ActiveCfg = Release|Any CPU
		{8FA9C4B1-483F-44B8-8AA5-756086DFFBEC}.Release|Any CPU.Build.0 = Release|Any CPU
	EndGlobalSection
	GlobalSection(SolutionProperties) = preSolution
		HideSolutionNode = FALSE
	EndGlobalSection
	GlobalSection(ExtensibilityGlobals) = postSolution
		SolutionGuid = {335B7E4A-9865-4F26-97E1-0A4C8ADE3F24}
	EndGlobalSection
EndGlobal
